
Microsoft Visual Studio Solution File, Format Version 12.00
# Visual Studio Version 17
VisualStudioVersion = 17.11.35222.181
MinimumVisualStudioVersion = 10.0.40219.1
Project("{FAE04EC0-301F-11D3-BF4B-00C04F79EFBC}") = "pr№ 4 v№7", "pr№ 4 v№7\pr№ 4 v№7.csproj", "{C8FECDC0-323E-4BA6-BE99-6E6B4DF10B71}"
EndProject
Project("{FAE04EC0-301F-11D3-BF4B-00C04F79EFBC}") = "playlist v7", "playlist v7\playlist v7.csproj", "{736DB02D-A502-4857-ABC9-0C15BF29FD82}"
EndProject
Global
	GlobalSection(SolutionConfigurationPlatforms) = preSolution
		Debug|Any CPU = Debug|Any CPU
		Release|Any CPU = Release|Any CPU
	EndGlobalSection
	GlobalSection(ProjectConfigurationPlatforms) = postSolution
		{C8FECDC0-323E-4BA6-BE99-6E6B4DF10B71}.Debug|Any CPU.ActiveCfg = Debug|Any CPU
		{C8FECDC0-323E-4BA6-BE99-6E6B4DF10B71}.Debug|Any CPU.Build.0 = Debug|Any CPU
		{C8FECDC0-323E-4BA6-BE99-6E6B4DF10B71}.Release|Any CPU.ActiveCfg = Release|Any CPU
		{C8FECDC0-323E-4BA6-BE99-6E6B4DF10B71}.Release|Any CPU.Build.0 = Release|Any CPU
		{736DB02D-A502-4857-ABC9-0C15BF29FD82}.Debug|Any CPU.ActiveCfg = Debug|Any CPU
		{736DB02D-A502-4857-ABC9-0C15BF29FD82}.Debug|Any CPU.Build.0 = Debug|Any CPU
		{736DB02D-A502-4857-ABC9-0C15BF29FD82}.Release|Any CPU.ActiveCfg = Release|Any CPU
		{736DB02D-A502-4857-ABC9-0C15BF29FD82}.Release|Any CPU.Build.0 = Release|Any CPU
	EndGlobalSection
	GlobalSection(SolutionProperties) = preSolution
		HideSolutionNode = FALSE
	EndGlobalSection
	GlobalSection(ExtensibilityGlobals) = postSolution
		SolutionGuid = {FDE6DAAA-E1A8-4791-B781-A8FF57DE6D98}
	EndGlobalSection
EndGlobal
